{
  "name": "@vpalmisano/webrtcperf-rs",
  "version": "0.1.1",
  "lockfileVersion": 3,
  "requires": true,
  "packages": {
    "": {
      "name": "@vpalmisano/webrtcperf-rs",
      "version": "0.1.1",
      "license": "AGPL-3.0-or-later",
      "dependencies": {
        "@neon-rs/load": "^0.1.73"
      },
      "devDependencies": {
        "@neon-rs/cli": "^0.1.73",
        "@tsconfig/node20": "^20.1.4",
        "@types/node": "^20.11.16",
        "typescript": "^5.3.3"
      },
      "optionalDependencies": {
        "@vpalmisano/webrtcperf-rs-darwin-arm64": "0.1.0",
        "@vpalmisano/webrtcperf-rs-darwin-x64": "0.1.0",
        "@vpalmisano/webrtcperf-rs-linux-arm64-gnu": "0.1.0",
        "@vpalmisano/webrtcperf-rs-linux-x64-gnu": "0.1.0",
        "@vpalmisano/webrtcperf-rs-win32-x64-msvc": "0.1.0"
      }
    },
    "node_modules/@cargo-messages/linux-x64-gnu": {
      "version": "0.1.80",
      "resolved": "https://registry.npmjs.org/@cargo-messages/linux-x64-gnu/-/linux-x64-gnu-0.1.80.tgz",
      "integrity": "sha512-Ku5OyfoxBdcQ7tYUyL7iBCZ46l7Tl0MDAmf9V/7D4K/NLIg02ducK1wrCQ+MaUAJu2pxu7gTgfR6SGeZtQOYoA==",
      "cpu": [
        "x64"
      ],
      "dev": true,
      "optional": true,
      "os": [
        "linux"
      ]
    },
    "node_modules/@cargo-messages/linux-x64-musl": {
      "version": "0.1.80",
      "resolved": "https://registry.npmjs.org/@cargo-messages/linux-x64-musl/-/linux-x64-musl-0.1.80.tgz",
      "integrity": "sha512-/e5oQ6kSzEjdfzznqsMOtgqMc01MWYGI0yEn1iMwgB8K+cN9ma/sTXMVpKw7PRov2lQWCuSIhG3WZeF+PmloGA==",
      "cpu": [
        "x64"
      ],
      "dev": true,
      "optional": true,
      "os": [
        "linux"
      ]
    },
    "node_modules/@neon-rs/cli": {
      "version": "0.1.81",
      "resolved": "https://registry.npmjs.org/@neon-rs/cli/-/cli-0.1.81.tgz",
      "integrity": "sha512-7mfLsXjXBEypMn+AxdIkCGJNdX2i9NWbeZgLKdOUcFrEnvQAAcx8pjtouxL3a/AFKYRu4QKucnFO3G+07aydtg==",
      "dev": true,
      "bin": {
        "neon": "index.js"
      },
      "optionalDependencies": {
        "@cargo-messages/android-arm-eabi": "0.1.80",
        "@cargo-messages/darwin-arm64": "0.1.80",
        "@cargo-messages/darwin-x64": "0.1.80",
        "@cargo-messages/linux-arm-gnueabihf": "0.1.80",
        "@cargo-messages/linux-arm64-gnu": "0.1.80",
        "@cargo-messages/linux-arm64-musl": "0.1.80",
        "@cargo-messages/linux-x64-gnu": "0.1.80",
        "@cargo-messages/linux-x64-musl": "0.1.80",
        "@cargo-messages/win32-arm64-msvc": "0.1.80",
        "@cargo-messages/win32-x64-msvc": "0.1.80"
      }
    },
    "node_modules/@neon-rs/load": {
      "version": "0.1.81",
      "resolved": "https://registry.npmjs.org/@neon-rs/load/-/load-0.1.81.tgz",
      "integrity": "sha512-A6w26BOWkFNXw04nfmcC75mLiPd3HPYC/PAuNDlXswvNb/rf55qXpTqGSz2txJmc7V8UDfIE1CAq5FUjL9wOmQ=="
    },
    "node_modules/@tsconfig/node20": {
      "version": "20.1.4",
      "resolved": "https://registry.npmjs.org/@tsconfig/node20/-/node20-20.1.4.tgz",
      "integrity": "sha512-sqgsT69YFeLWf5NtJ4Xq/xAF8p4ZQHlmGW74Nu2tD4+g5fAsposc4ZfaaPixVu4y01BEiDCWLRDCvDM5JOsRxg==",
      "dev": true
    },
    "node_modules/@types/node": {
      "version": "20.17.5",
      "resolved": "https://registry.npmjs.org/@types/node/-/node-20.17.5.tgz",
      "integrity": "sha512-n8FYY/pRxu496441gIcAQFZPKXbhsd6VZygcq+PTSZ75eMh/Ke0hCAROdUa21qiFqKNsPPYic46yXDO1JGiPBQ==",
      "dev": true,
      "dependencies": {
        "undici-types": "~6.19.2"
      }
    },
    "node_modules/typescript": {
      "version": "5.6.3",
      "resolved": "https://registry.npmjs.org/typescript/-/typescript-5.6.3.tgz",
      "integrity": "sha512-hjcS1mhfuyi4WW8IWtjP7brDrG2cuDZukyrYrSauoXGNgx0S7zceP07adYkJycEr56BOUTNPzbInooiN3fn1qw==",
      "dev": true,
      "bin": {
        "tsc": "bin/tsc",
        "tsserver": "bin/tsserver"
      },
      "engines": {
        "node": ">=14.17"
      }
    },
    "node_modules/undici-types": {
      "version": "6.19.8",
      "resolved": "https://registry.npmjs.org/undici-types/-/undici-types-6.19.8.tgz",
      "integrity": "sha512-ve2KP6f/JnbPBFyobGHuerC9g1FYGn/F8n1LWTwNxCEzd6IfqTwUQcNXgEtmmQ6DlRrC1hrSrBnCZPokRrDHjw==",
      "dev": true
    }
  }
}
